
Microsoft Visual Studio Solution File, Format Version 12.00
# Visual Studio Version 16
VisualStudioVersion = 16.0.30002.166
MinimumVisualStudioVersion = 10.0.40219.1
Project("{FAE04EC0-301F-11D3-BF4B-00C04F79EFBC}") = "test_UDP_v1", "test_UDP_v1.csproj", "{49E9B8B2-A0CE-4D28-9D01-3D9D16AD2F92}"
EndProject
Global
	GlobalSection(SolutionConfigurationPlatforms) = preSolution
		Debug|Any CPU = Debug|Any CPU
		Release|Any CPU = Release|Any CPU
	EndGlobalSection
	GlobalSection(ProjectConfigurationPlatforms) = postSolution
		{49E9B8B2-A0CE-4D28-9D01-3D9D16AD2F92}.Debug|Any CPU.ActiveCfg = Debug|Any CPU
		{49E9B8B2-A0CE-4D28-9D01-3D9D16AD2F92}.Debug|Any CPU.Build.0 = Debug|Any CPU
		{49E9B8B2-A0CE-4D28-9D01-3D9D16AD2F92}.Release|Any CPU.ActiveCfg = Release|Any CPU
		{49E9B8B2-A0CE-4D28-9D01-3D9D16AD2F92}.Release|Any CPU.Build.0 = Release|Any CPU
	EndGlobalSection
	GlobalSection(SolutionProperties) = preSolution
		HideSolutionNode = FALSE
	EndGlobalSection
	GlobalSection(ExtensibilityGlobals) = postSolution
		SolutionGuid = {AD20BAF2-0128-4BD0-A109-4B7FD3823ADA}
	EndGlobalSection
EndGlobal
